// !$*UTF8*$!
{
	archiveVersion = 1;
	classes = {
	};
	objectVersion = 77;
	objects = {

/* Begin PBXContainerItemProxy section */
		6448D9DD2EFBF51B00475C0C /* PBXContainerItemProxy */ = {
			isa = PBXContainerItemProxy;
			containerPortal = 6448D9BE2EFBF51700475C0C /* Project object */;
			proxyType = 1;
			remoteGlobalIDString = 6448D9C52EFBF51700475C0C;
			remoteInfo = SquareCatalog;
		};
		6448D9E72EFBF51B00475C0C /* PBXContainerItemProxy */ = {
			isa = PBXContainerItemProxy;
			containerPortal = 6448D9BE2EFBF51700475C0C /* Project object */;
			proxyType = 1;
			remoteGlobalIDString = 6448D9C52EFBF51700475C0C;
			remoteInfo = SquareCatalog;
		};
/* End PBXContainerItemProxy section */

/* Begin PBXFileReference section */
		6448D9C62EFBF51700475C0C /* SquareCatalog.app */ = {isa = PBXFileReference; explicitFileType = wrapper.application; includeInIndex = 0; path = SquareCatalog.app; sourceTree = BUILT_PRODUCTS_DIR; };
		6448D9DC2EFBF51B00475C0C /* SquareCatalogTests.xctest */ = {isa = PBXFileReference; explicitFileType = wrapper.cfbundle; includeInIndex = 0; path = SquareCatalogTests.xctest; sourceTree = BUILT_PRODUCTS_DIR; };
		6448D9E62EFBF51B00475C0C /* SquareCatalogUITests.xctest */ = {isa = PBXFileReference; explicitFileType = wrapper.cfbundle; includeInIndex = 0; path = SquareCatalogUITests.xctest; sourceTree = BUILT_PRODUCTS_DIR; };
/* End PBXFileReference section */

/* Begin PBXFileSystemSynchronizedBuildFileExceptionSet section */
		6448D9EE2EFBF51B00475C0C /* Exceptions for "SquareCatalog" folder in "SquareCatalog" target */ = {
			isa = PBXFileSystemSynchronizedBuildFileExceptionSet;
			membershipExceptions = (
				Info.plist,
			);
			target = 6448D9C52EFBF51700475C0C /* SquareCatalog */;
		};
/* End PBXFileSystemSynchronizedBuildFileExceptionSet section */

/* Begin PBXFileSystemSynchronizedRootGroup section */
		6448D9C82EFBF51700475C0C /* SquareCatalog */ = {
			isa = PBXFileSystemSynchronizedRootGroup;
			exceptions = (
				6448D9EE2EFBF51B00475C0C /* Exceptions for "SquareCatalog" folder in "SquareCatalog" target */,
			);
			path = SquareCatalog;
			sourceTree = "<group>";
		};
		6448D9DF2EFBF51B00475C0C /* SquareCatalogTests */ = {
			isa = PBXFileSystemSynchronizedRootGroup;
			path = SquareCatalogTests;
			sourceTree = "<group>";
		};
		6448D9E92EFBF51B00475C0C /* SquareCatalogUITests */ = {
			isa = PBXFileSystemSynchronizedRootGroup;
			path = SquareCatalogUITests;
			sourceTree = "<group>";
		};
/* End PBXFileSystemSynchronizedRootGroup section */

/* Begin PBXFrameworksBuildPhase section */
		6448D9C32EFBF51700475C0C /* Frameworks */ = {
			isa = PBXFrameworksBuildPhase;
			buildActionMask = 2147483647;
			files = (
			);
			runOnlyForDeploymentPostprocessing = 0;
		};
		6448D9D92EFBF51B00475C0C /* Frameworks */ = {
			isa = PBXFrameworksBuildPhase;
			buildActionMask = 2147483647;
			files = (
			);
			runOnlyForDeploymentPostprocessing = 0;
		};
		6448D9E32EFBF51B00475C0C /* Frameworks */ = {
			isa = PBXFrameworksBuildPhase;
			buildActionMask = 2147483647;
			files = (
			);
			runOnlyForDeploymentPostprocessing = 0;
		};
/* End PBXFrameworksBuildPhase section */

/* Begin PBXGroup section */
		6448D9BD2EFBF51700475C0C = {
			isa = PBXGroup;
			children = (
				6448D9C82EFBF51700475C0C /* SquareCatalog */,
				6448D9DF2EFBF51B00475C0C /* SquareCatalogTests */,
				6448D9E92EFBF51B00475C0C /* SquareCatalogUITests */,
				6448D9C72EFBF51700475C0C /* Products */,
			);
			sourceTree = "<group>";
		};
		6448D9C72EFBF51700475C0C /* Products */ = {
			isa = PBXGroup;
			children = (
				6448D9C62EFBF51700475C0C /* SquareCatalog.app */,
				6448D9DC2EFBF51B00475C0C /* SquareCatalogTests.xctest */,
				6448D9E62EFBF51B00475C0C /* SquareCatalogUITests.xctest */,
			);
			name = Products;
			sourceTree = "<group>";
		};
/* End PBXGroup section */

/* Begin PBXNativeTarget section */
		6448D9C52EFBF51700475C0C /* SquareCatalog */ = {
			isa = PBXNativeTarget;
			buildConfigurationList = 6448D9EF2EFBF51B00475C0C /* Build configuration list for PBXNativeTarget "SquareCatalog" */;
			buildPhases = (
				6448D9C22EFBF51700475C0C /* Sources */,
				6448D9C32EFBF51700475C0C /* Frameworks */,
				6448D9C42EFBF51700475C0C /* Resources */,
			);
			buildRules = (
			);
			dependencies = (
			);
			fileSystemSynchronizedGroups = (
				6448D9C82EFBF51700475C0C /* SquareCatalog */,
			);
			name = SquareCatalog;
			packageProductDependencies = (
			);
			productName = SquareCatalog;
			productReference = 6448D9C62EFBF51700475C0C /* SquareCatalog.app */;
			productType = "com.apple.product-type.application";
		};
		6448D9DB2EFBF51B00475C0C /* SquareCatalogTests */ = {
			isa = PBXNativeTarget;
			buildConfigurationList = 6448D9F42EFBF51B00475C0C /* Build configuration list for PBXNativeTarget "SquareCatalogTests" */;
			buildPhases = (
				6448D9D82EFBF51B00475C0C /* Sources */,
				6448D9D92EFBF51B00475C0C /* Frameworks */,
				6448D9DA2EFBF51B00475C0C /* Resources */,
			);
			buildRules = (
			);
			dependencies = (
				6448D9DE2EFBF51B00475C0C /* PBXTargetDependency */,
			);
			fileSystemSynchronizedGroups = (
				6448D9DF2EFBF51B00475C0C /* SquareCatalogTests */,
			);
			name = SquareCatalogTests;
			packageProductDependencies = (
			);
			productName = SquareCatalogTests;
			productReference = 6448D9DC2EFBF51B00475C0C /* SquareCatalogTests.xctest */;
			productType = "com.apple.product-type.bundle.unit-test";
		};
		6448D9E52EFBF51B00475C0C /* SquareCatalogUITests */ = {
			isa = PBXNativeTarget;
			buildConfigurationList = 6448D9F72EFBF51B00475C0C /* Build configuration list for PBXNativeTarget "SquareCatalogUITests" */;
			buildPhases = (
				6448D9E22EFBF51B00475C0C /* Sources */,
				6448D9E32EFBF51B00475C0C /* Frameworks */,
				6448D9E42EFBF51B00475C0C /* Resources */,
			);
			buildRules = (
			);
			dependencies = (
				6448D9E82EFBF51B00475C0C /* PBXTargetDependency */,
			);
			fileSystemSynchronizedGroups = (
				6448D9E92EFBF51B00475C0C /* SquareCatalogUITests */,
			);
			name = SquareCatalogUITests;
			packageProductDependencies = (
			);
			productName = SquareCatalogUITests;
			productReference = 6448D9E62EFBF51B00475C0C /* SquareCatalogUITests.xctest */;
			productType = "com.apple.product-type.bundle.ui-testing";
		};
/* End PBXNativeTarget section */

/* Begin PBXProject section */
		6448D9BE2EFBF51700475C0C /* Project object */ = {
			isa = PBXProject;
			attributes = {
				BuildIndependentTargetsInParallel = 1;
				LastSwiftUpdateCheck = 1640;
				LastUpgradeCheck = 1640;
				TargetAttributes = {
					6448D9C52EFBF51700475C0C = {
						CreatedOnToolsVersion = 16.4;
					};
					6448D9DB2EFBF51B00475C0C = {
						CreatedOnToolsVersion = 16.4;
						TestTargetID = 6448D9C52EFBF51700475C0C;
					};
					6448D9E52EFBF51B00475C0C = {
						CreatedOnToolsVersion = 16.4;
						TestTargetID = 6448D9C52EFBF51700475C0C;
					};
				};
			};
			buildConfigurationList = 6448D9C12EFBF51700475C0C /* Build configuration list for PBXProject "SquareCatalog" */;
			developmentRegion = en;
			hasScannedForEncodings = 0;
			knownRegions = (
				en,
				Base,
			);
			mainGroup = 6448D9BD2EFBF51700475C0C;
			minimizedProjectReferenceProxies = 1;
			preferredProjectObjectVersion = 77;
			productRefGroup = 6448D9C72EFBF51700475C0C /* Products */;
			projectDirPath = "";
			projectRoot = "";
			targets = (
				6448D9C52EFBF51700475C0C /* SquareCatalog */,
				6448D9DB2EFBF51B00475C0C /* SquareCatalogTests */,
				6448D9E52EFBF51B00475C0C /* SquareCatalogUITests */,
			);
		};
/* End PBXProject section */

/* Begin PBXResourcesBuildPhase section */
		6448D9C42EFBF51700475C0C /* Resources */ = {
			isa = PBXResourcesBuildPhase;
			buildActionMask = 2147483647;
			files = (
			);
			runOnlyForDeploymentPostprocessing = 0;
		};
		6448D9DA2EFBF51B00475C0C /* Resources */ = {
			isa = PBXResourcesBuildPhase;
			buildActionMask = 2147483647;
			files = (
			);
			runOnlyForDeploymentPostprocessing = 0;
		};
		6448D9E42EFBF51B00475C0C /* Resources */ = {
			isa = PBXResourcesBuildPhase;
			buildActionMask = 2147483647;
			files = (
			);
			runOnlyForDeploymentPostprocessing = 0;
		};
/* End PBXResourcesBuildPhase section */

/* Begin PBXSourcesBuildPhase section */
		6448D9C22EFBF51700475C0C /* Sources */ = {
			isa = PBXSourcesBuildPhase;
			buildActionMask = 2147483647;
			files = (
			);
			runOnlyForDeploymentPostprocessing = 0;
		};
		6448D9D82EFBF51B00475C0C /* Sources */ = {
			isa = PBXSourcesBuildPhase;
			buildActionMask = 2147483647;
			files = (
			);
			runOnlyForDeploymentPostprocessing = 0;
		};
		6448D9E22EFBF51B00475C0C /* Sources */ = {
			isa = PBXSourcesBuildPhase;
			buildActionMask = 2147483647;
			files = (
			);
			runOnlyForDeploymentPostprocessing = 0;
		};
/* End PBXSourcesBuildPhase section */

/* Begin PBXTargetDependency section */
		6448D9DE2EFBF51B00475C0C /* PBXTargetDependency */ = {
			isa = PBXTargetDependency;
			target = 6448D9C52EFBF51700475C0C /* SquareCatalog */;
			targetProxy = 6448D9DD2EFBF51B00475C0C /* PBXContainerItemProxy */;
		};
		6448D9E82EFBF51B00475C0C /* PBXTargetDependency */ = {
			isa = PBXTargetDependency;
			target = 6448D9C52EFBF51700475C0C /* SquareCatalog */;
			targetProxy = 6448D9E72EFBF51B00475C0C /* PBXContainerItemProxy */;
		};
/* End PBXTargetDependency section */

/* Begin XCBuildConfiguration section */
		6448D9F02EFBF51B00475C0C /* Debug */ = {
			isa = XCBuildConfiguration;
			buildSettings = {
				ASSETCATALOG_COMPILER_APPICON_NAME = AppIcon;
				ASSETCATALOG_COMPILER_GLOBAL_ACCENT_COLOR_NAME = AccentColor;
				CODE_SIGN_STYLE = Automatic;
				CURRENT_PROJECT_VERSION = 1;
				DEVELOPMENT_TEAM = V8ALJCTXD3;
				GENERATE_INFOPLIST_FILE = YES;
				INFOPLIST_FILE = SquareCatalog/Info.plist;
				INFOPLIST_KEY_UIApplicationSupportsIndirectInputEvents = YES;
				INFOPLIST_KEY_UILaunchStoryboardName = LaunchScreen;
				INFOPLIST_KEY_UIMainStoryboardFile = Main;
				INFOPLIST_KEY_UISupportedInterfaceOrientations_iPad = "UIInterfaceOrientationPortrait UIInterfaceOrientationPortraitUpsideDown UIInterfaceOrientationLandscapeLeft UIInterfaceOrientationLandscapeRight";
				INFOPLIST_KEY_UISupportedInterfaceOrientations_iPhone = "UIInterfaceOrientationPortrait UIInterfaceOrientationLandscapeLeft UIInterfaceOrientationLandscapeRight";
				LD_RUNPATH_SEARCH_PATHS = (
					"$(inherited)",
					"@executable_path/Frameworks",
				);
				MARKETING_VERSION = 1.0;
				PRODUCT_BUNDLE_IDENTIFIER = QvdTeam.SquareCatalog;
				PRODUCT_NAME = "$(TARGET_NAME)";
				SWIFT_EMIT_LOC_STRINGS = YES;
				SWIFT_VERSION = 5.0;
				TARGETED_DEVICE_FAMILY = "1,2";
			};
			name = Debug;
		};
		6448D9F12EFBF51B00475C0C /* Release */ = {
			isa = XCBuildConfiguration;
			buildSettings = {
				ASSETCATALOG_COMPILER_APPICON_NAME = AppIcon;
				ASSETCATALOG_COMPILER_GLOBAL_ACCENT_COLOR_NAME = AccentColor;
				CODE_SIGN_STYLE = Automatic;
				CURRENT_PROJECT_VERSION = 1;
				DEVELOPMENT_TEAM = V8ALJCTXD3;
				GENERATE_INFOPLIST_FILE = YES;
				INFOPLIST_FILE = SquareCatalog/Info.plist;
				INFOPLIST_KEY_UIApplicationSupportsIndirectInputEvents = YES;
				INFOPLIST_KEY_UILaunchStoryboardName = LaunchScreen;
				INFOPLIST_KEY_UIMainStoryboardFile = Main;
				INFOPLIST_KEY_UISupportedInterfaceOrientations_iPad = "UIInterfaceOrientationPortrait UIInterfaceOrientationPortraitUpsideDown UIInterfaceOrientationLandscapeLeft UIInterfaceOrientationLandscapeRight";
				INFOPLIST_KEY_UISupportedInterfaceOrientations_iPhone = "UIInterfaceOrientationPortrait UIInterfaceOrientationLandscapeLeft UIInterfaceOrientationLandscapeRight";
				LD_RUNPATH_SEARCH_PATHS = (
					"$(inherited)",
					"@executable_path/Frameworks",
				);
				MARKETING_VERSION = 1.0;
				PRODUCT_BUNDLE_IDENTIFIER = QvdTeam.SquareCatalog;
				PRODUCT_NAME = "$(TARGET_NAME)";
				SWIFT_EMIT_LOC_STRINGS = YES;
				SWIFT_VERSION = 5.0;
				TARGETED_DEVICE_FAMILY = "1,2";
			};
			name = Release;
		};
		6448D9F22EFBF51B00475C0C /* Debug */ = {
			isa = XCBuildConfiguration;
			buildSettings = {
				ALWAYS_SEARCH_USER_PATHS = NO;
				ASSETCATALOG_COMPILER_GENERATE_SWIFT_ASSET_SYMBOL_EXTENSIONS = YES;
				CLANG_ANALYZER_NONNULL = YES;
				CLANG_ANALYZER_NUMBER_OBJECT_CONVERSION = YES_AGGRESSIVE;
				CLANG_CXX_LANGUAGE_STANDARD = "gnu++20";
				CLANG_ENABLE_MODULES = YES;
				CLANG_ENABLE_OBJC_ARC = YES;
				CLANG_ENABLE_OBJC_WEAK = YES;
				CLANG_WARN_BLOCK_CAPTURE_AUTORELEASING = YES;
				CLANG_WARN_BOOL_CONVERSION = YES;
				CLANG_WARN_COMMA = YES;
				CLANG_WARN_CONSTANT_CONVERSION = YES;
				CLANG_WARN_DEPRECATED_OBJC_IMPLEMENTATIONS = YES;
				CLANG_WARN_DIRECT_OBJC_ISA_USAGE = YES_ERROR;
				CLANG_WARN_DOCUMENTATION_COMMENTS = YES;
				CLANG_WARN_EMPTY_BODY = YES;
				CLANG_WARN_ENUM_CONVERSION = YES;
				CLANG_WARN_INFINITE_RECURSION = YES;
				CLANG_WARN_INT_CONVERSION = YES;
				CLANG_WARN_NON_LITERAL_NULL_CONVERSION = YES;
				CLANG_WARN_OBJC_IMPLICIT_RETAIN_SELF = YES;
				CLANG_WARN_OBJC_LITERAL_CONVERSION = YES;
				CLANG_WARN_OBJC_ROOT_CLASS = YES_ERROR;
				CLANG_WARN_QUOTED_INCLUDE_IN_FRAMEWORK_HEADER = YES;
				CLANG_WARN_RANGE_LOOP_ANALYSIS = YES;
				CLANG_WARN_STRICT_PROTOTYPES = YES;
				CLANG_WARN_SUSPICIOUS_MOVE = YES;
				CLANG_WARN_UNGUARDED_AVAILABILITY = YES_AGGRESSIVE;
				CLANG_WARN_UNREACHABLE_CODE = YES;
				CLANG_WARN__DUPLICATE_METHOD_MATCH = YES;
				COPY_PHASE_STRIP = NO;
				DEBUG_INFORMATION_FORMAT = dwarf;
				DEVELOPMENT_TEAM = V8ALJCTXD3;
				ENABLE_STRICT_OBJC_MSGSEND = YES;
				ENABLE_TESTABILITY = YES;
				ENABLE_USER_SCRIPT_SANDBOXING = YES;
				GCC_C_LANGUAGE_STANDARD = gnu17;
				GCC_DYNAMIC_NO_PIC = NO;
				GCC_NO_COMMON_BLOCKS = YES;
				GCC_OPTIMIZATION_LEVEL = 0;
				GCC_PREPROCESSOR_DEFINITIONS = (
					"DEBUG=1",
					"$(inherited)",
				);
				GCC_WARN_64_TO_32_BIT_CONVERSION = YES;
				GCC_WARN_ABOUT_RETURN_TYPE = YES_ERROR;
				GCC_WARN_UNDECLARED_SELECTOR = YES;
				GCC_WARN_UNINITIALIZED_AUTOS = YES_AGGRESSIVE;
				GCC_WARN_UNUSED_FUNCTION = YES;
				GCC_WARN_UNUSED_VARIABLE = YES;
				IPHONEOS_DEPLOYMENT_TARGET = 18.5;
				LOCALIZATION_PREFERS_STRING_CATALOGS = YES;
				MTL_ENABLE_DEBUG_INFO = INCLUDE_SOURCE;
				MTL_FAST_MATH = YES;
				ONLY_ACTIVE_ARCH = YES;
				SDKROOT = iphoneos;
				SWIFT_ACTIVE_COMPILATION_CONDITIONS = "DEBUG $(inherited)";
				SWIFT_OPTIMIZATION_LEVEL = "-Onone";
			};
			name = Debug;
		};
		6448D9F32EFBF51B00475C0C /* Release */ = {
			isa = XCBuildConfiguration;
			buildSettings = {
				ALWAYS_SEARCH_USER_PATHS = NO;
				ASSETCATALOG_COMPILER_GENERATE_SWIFT_ASSET_SYMBOL_EXTENSIONS = YES;
				CLANG_ANALYZER_NONNULL = YES;
				CLANG_ANALYZER_NUMBER_OBJECT_CONVERSION = YES_AGGRESSIVE;
				CLANG_CXX_LANGUAGE_STANDARD = "gnu++20";
				CLANG_ENABLE_MODULES = YES;
				CLANG_ENABLE_OBJC_ARC = YES;
				CLANG_ENABLE_OBJC_WEAK = YES;
				CLANG_WARN_BLOCK_CAPTURE_AUTORELEASING = YES;
				CLANG_WARN_BOOL_CONVERSION = YES;
				CLANG_WARN_COMMA = YES;
				CLANG_WARN_CONSTANT_CONVERSION = YES;
				CLANG_WARN_DEPRECATED_OBJC_IMPLEMENTATIONS = YES;
				CLANG_WARN_DIRECT_OBJC_ISA_USAGE = YES_ERROR;
				CLANG_WARN_DOCUMENTATION_COMMENTS = YES;
				CLANG_WARN_EMPTY_BODY = YES;
				CLANG_WARN_ENUM_CONVERSION = YES;
				CLANG_WARN_INFINITE_RECURSION = YES;
				CLANG_WARN_INT_CONVERSION = YES;
				CLANG_WARN_NON_LITERAL_NULL_CONVERSION = YES;
				CLANG_WARN_OBJC_IMPLICIT_RETAIN_SELF = YES;
				CLANG_WARN_OBJC_LITERAL_CONVERSION = YES;
				CLANG_WARN_OBJC_ROOT_CLASS = YES_ERROR;
				CLANG_WARN_QUOTED_INCLUDE_IN_FRAMEWORK_HEADER = YES;
				CLANG_WARN_RANGE_LOOP_ANALYSIS = YES;
				CLANG_WARN_STRICT_PROTOTYPES = YES;
				CLANG_WARN_SUSPICIOUS_MOVE = YES;
				CLANG_WARN_UNGUARDED_AVAILABILITY = YES_AGGRESSIVE;
				CLANG_WARN_UNREACHABLE_CODE = YES;
				CLANG_WARN__DUPLICATE_METHOD_MATCH = YES;
				COPY_PHASE_STRIP = NO;
				DEBUG_INFORMATION_FORMAT = "dwarf-with-dsym";
				DEVELOPMENT_TEAM = V8ALJCTXD3;
				ENABLE_NS_ASSERTIONS = NO;
				ENABLE_STRICT_OBJC_MSGSEND = YES;
				ENABLE_USER_SCRIPT_SANDBOXING = YES;
				GCC_C_LANGUAGE_STANDARD = gnu17;
				GCC_NO_COMMON_BLOCKS = YES;
				GCC_WARN_64_TO_32_BIT_CONVERSION = YES;
				GCC_WARN_ABOUT_RETURN_TYPE = YES_ERROR;
				GCC_WARN_UNDECLARED_SELECTOR = YES;
				GCC_WARN_UNINITIALIZED_AUTOS = YES_AGGRESSIVE;
				GCC_WARN_UNUSED_FUNCTION = YES;
				GCC_WARN_UNUSED_VARIABLE = YES;
				IPHONEOS_DEPLOYMENT_TARGET = 18.5;
				LOCALIZATION_PREFERS_STRING_CATALOGS = YES;
				MTL_ENABLE_DEBUG_INFO = NO;
				MTL_FAST_MATH = YES;
				SDKROOT = iphoneos;
				SWIFT_COMPILATION_MODE = wholemodule;
				VALIDATE_PRODUCT = YES;
			};
			name = Release;
		};
		6448D9F52EFBF51B00475C0C /* Debug */ = {
			isa = XCBuildConfiguration;
			buildSettings = {
				BUNDLE_LOADER = "$(TEST_HOST)";
				CODE_SIGN_STYLE = Automatic;
				CURRENT_PROJECT_VERSION = 1;
				DEVELOPMENT_TEAM = V8ALJCTXD3;
				GENERATE_INFOPLIST_FILE = YES;
				IPHONEOS_DEPLOYMENT_TARGET = 18.5;
				MARKETING_VERSION = 1.0;
				PRODUCT_BUNDLE_IDENTIFIER = QvdTeam.SquareCatalogTests;
				PRODUCT_NAME = "$(TARGET_NAME)";
				SWIFT_EMIT_LOC_STRINGS = NO;
				SWIFT_VERSION = 5.0;
				TARGETED_DEVICE_FAMILY = "1,2";
				TEST_HOST = "$(BUILT_PRODUCTS_DIR)/SquareCatalog.app/$(BUNDLE_EXECUTABLE_FOLDER_PATH)/SquareCatalog";
			};
			name = Debug;
		};
		6448D9F62EFBF51B00475C0C /* Release */ = {
			isa = XCBuildConfiguration;
			buildSettings = {
				BUNDLE_LOADER = "$(TEST_HOST)";
				CODE_SIGN_STYLE = Automatic;
				CURRENT_PROJECT_VERSION = 1;
				DEVELOPMENT_TEAM = V8ALJCTXD3;
				GENERATE_INFOPLIST_FILE = YES;
				IPHONEOS_DEPLOYMENT_TARGET = 18.5;
				MARKETING_VERSION = 1.0;
				PRODUCT_BUNDLE_IDENTIFIER = QvdTeam.SquareCatalogTests;
				PRODUCT_NAME = "$(TARGET_NAME)";
				SWIFT_EMIT_LOC_STRINGS = NO;
				SWIFT_VERSION = 5.0;
				TARGETED_DEVICE_FAMILY = "1,2";
				TEST_HOST = "$(BUILT_PRODUCTS_DIR)/SquareCatalog.app/$(BUNDLE_EXECUTABLE_FOLDER_PATH)/SquareCatalog";
			};
			name = Release;
		};
		6448D9F82EFBF51B00475C0C /* Debug */ = {
			isa = XCBuildConfiguration;
			buildSettings = {
				CODE_SIGN_STYLE = Automatic;
				CURRENT_PROJECT_VERSION = 1;
				DEVELOPMENT_TEAM = V8ALJCTXD3;
				GENERATE_INFOPLIST_FILE = YES;
				MARKETING_VERSION = 1.0;
				PRODUCT_BUNDLE_IDENTIFIER = QvdTeam.SquareCatalogUITests;
				PRODUCT_NAME = "$(TARGET_NAME)";
				SWIFT_EMIT_LOC_STRINGS = NO;
				SWIFT_VERSION = 5.0;
				TARGETED_DEVICE_FAMILY = "1,2";
				TEST_TARGET_NAME = SquareCatalog;
			};
			name = Debug;
		};
		6448D9F92EFBF51B00475C0C /* Release */ = {
			isa = XCBuildConfiguration;
			buildSettings = {
				CODE_SIGN_STYLE = Automatic;
				CURRENT_PROJECT_VERSION = 1;
				DEVELOPMENT_TEAM = V8ALJCTXD3;
				GENERATE_INFOPLIST_FILE = YES;
				MARKETING_VERSION = 1.0;
				PRODUCT_BUNDLE_IDENTIFIER = QvdTeam.SquareCatalogUITests;
				PRODUCT_NAME = "$(TARGET_NAME)";
				SWIFT_EMIT_LOC_STRINGS = NO;
				SWIFT_VERSION = 5.0;
				TARGETED_DEVICE_FAMILY = "1,2";
				TEST_TARGET_NAME = SquareCatalog;
			};
			name = Release;
		};
/* End XCBuildConfiguration section */

/* Begin XCConfigurationList section */
		6448D9C12EFBF51700475C0C /* Build configuration list for PBXProject "SquareCatalog" */ = {
			isa = XCConfigurationList;
			buildConfigurations = (
				6448D9F22EFBF51B00475C0C /* Debug */,
				6448D9F32EFBF51B00475C0C /* Release */,
			);
			defaultConfigurationIsVisible = 0;
			defaultConfigurationName = Release;
		};
		6448D9EF2EFBF51B00475C0C /* Build configuration list for PBXNativeTarget "SquareCatalog" */ = {
			isa = XCConfigurationList;
			buildConfigurations = (
				6448D9F02EFBF51B00475C0C /* Debug */,
				6448D9F12EFBF51B00475C0C /* Release */,
			);
			defaultConfigurationIsVisible = 0;
			defaultConfigurationName = Release;
		};
		6448D9F42EFBF51B00475C0C /* Build configuration list for PBXNativeTarget "SquareCatalogTests" */ = {
			isa = XCConfigurationList;
			buildConfigurations = (
				6448D9F52EFBF51B00475C0C /* Debug */,
				6448D9F62EFBF51B00475C0C /* Release */,
			);
			defaultConfigurationIsVisible = 0;
			defaultConfigurationName = Release;
		};
		6448D9F72EFBF51B00475C0C /* Build configuration list for PBXNativeTarget "SquareCatalogUITests" */ = {
			isa = XCConfigurationList;
			buildConfigurations = (
				6448D9F82EFBF51B00475C0C /* Debug */,
				6448D9F92EFBF51B00475C0C /* Release */,
			);
			defaultConfigurationIsVisible = 0;
			defaultConfigurationName = Release;
		};
/* End XCConfigurationList section */
	};
	rootObject = 6448D9BE2EFBF51700475C0C /* Project object */;
}
